// !$*UTF8*$!
{
	archiveVersion = 1;
	classes = {
	};
	objectVersion = 56;
	objects = {

/* Begin PBXBuildFile section */
		056877CA298AC97F0068BEBC /* BBANGApp.swift in Sources */ = {isa = PBXBuildFile; fileRef = 056877C9298AC97F0068BEBC /* BBANGApp.swift */; };
		056877CC298AC97F0068BEBC /* ContentView.swift in Sources */ = {isa = PBXBuildFile; fileRef = 056877CB298AC97F0068BEBC /* ContentView.swift */; };
		056877CE298AC9800068BEBC /* Assets.xcassets in Resources */ = {isa = PBXBuildFile; fileRef = 056877CD298AC9800068BEBC /* Assets.xcassets */; };
		056877D1298AC9800068BEBC /* Preview Assets.xcassets in Resources */ = {isa = PBXBuildFile; fileRef = 056877D0298AC9800068BEBC /* Preview Assets.xcassets */; };
		056877D9298AD25F0068BEBC /* HomeView.swift in Sources */ = {isa = PBXBuildFile; fileRef = 056877D8298AD25F0068BEBC /* HomeView.swift */; };
		056877DB298AD3370068BEBC /* TopTapBarButton.swift in Sources */ = {isa = PBXBuildFile; fileRef = 056877DA298AD3370068BEBC /* TopTapBarButton.swift */; };
		056877DE298AD3890068BEBC /* NotificationBar.swift in Sources */ = {isa = PBXBuildFile; fileRef = 056877DD298AD3890068BEBC /* NotificationBar.swift */; };
		056877E0298AE10F0068BEBC /* TopTapBarContent.swift in Sources */ = {isa = PBXBuildFile; fileRef = 056877DF298AE10F0068BEBC /* TopTapBarContent.swift */; };
		056877E3298AE6650068BEBC /* RecommendationTapView.swift in Sources */ = {isa = PBXBuildFile; fileRef = 056877E2298AE6650068BEBC /* RecommendationTapView.swift */; };
		056877E8298BDA020068BEBC /* HomeViewModel.swift in Sources */ = {isa = PBXBuildFile; fileRef = 056877E7298BDA020068BEBC /* HomeViewModel.swift */; };
		056877EA298BDF630068BEBC /* BannerService.swift in Sources */ = {isa = PBXBuildFile; fileRef = 056877E9298BDF630068BEBC /* BannerService.swift */; };
		056877EC298C182E0068BEBC /* SavedPointView.swift in Sources */ = {isa = PBXBuildFile; fileRef = 056877EB298C182E0068BEBC /* SavedPointView.swift */; };
		056877EF298C43DA0068BEBC /* UserView.swift in Sources */ = {isa = PBXBuildFile; fileRef = 056877EE298C43DA0068BEBC /* UserView.swift */; };
		056877F1298C45060068BEBC /* CommonView.swift in Sources */ = {isa = PBXBuildFile; fileRef = 056877F0298C45060068BEBC /* CommonView.swift */; };
		056877F3298C45710068BEBC /* ProductListView.swift in Sources */ = {isa = PBXBuildFile; fileRef = 056877F2298C45710068BEBC /* ProductListView.swift */; };
		056877F5298C45DA0068BEBC /* LineView.swift in Sources */ = {isa = PBXBuildFile; fileRef = 056877F4298C45DA0068BEBC /* LineView.swift */; };
		056877F7298C46680068BEBC /* CircleButtonsView.swift in Sources */ = {isa = PBXBuildFile; fileRef = 056877F6298C46680068BEBC /* CircleButtonsView.swift */; };
		056877F9298C47020068BEBC /* BannerView.swift in Sources */ = {isa = PBXBuildFile; fileRef = 056877F8298C47020068BEBC /* BannerView.swift */; };
/* End PBXBuildFile section */

/* Begin PBXFileReference section */
		056877C6298AC97F0068BEBC /* BBANG.app */ = {isa = PBXFileReference; explicitFileType = wrapper.application; includeInIndex = 0; path = BBANG.app; sourceTree = BUILT_PRODUCTS_DIR; };
		056877C9298AC97F0068BEBC /* BBANGApp.swift */ = {isa = PBXFileReference; lastKnownFileType = sourcecode.swift; path = BBANGApp.swift; sourceTree = "<group>"; };
		056877CB298AC97F0068BEBC /* ContentView.swift */ = {isa = PBXFileReference; lastKnownFileType = sourcecode.swift; path = ContentView.swift; sourceTree = "<group>"; };
		056877CD298AC9800068BEBC /* Assets.xcassets */ = {isa = PBXFileReference; lastKnownFileType = folder.assetcatalog; path = Assets.xcassets; sourceTree = "<group>"; };
		056877D0298AC9800068BEBC /* Preview Assets.xcassets */ = {isa = PBXFileReference; lastKnownFileType = folder.assetcatalog; path = "Preview Assets.xcassets"; sourceTree = "<group>"; };
		056877D8298AD25F0068BEBC /* HomeView.swift */ = {isa = PBXFileReference; lastKnownFileType = sourcecode.swift; path = HomeView.swift; sourceTree = "<group>"; };
		056877DA298AD3370068BEBC /* TopTapBarButton.swift */ = {isa = PBXFileReference; lastKnownFileType = sourcecode.swift; path = TopTapBarButton.swift; sourceTree = "<group>"; };
		056877DD298AD3890068BEBC /* NotificationBar.swift */ = {isa = PBXFileReference; lastKnownFileType = sourcecode.swift; path = NotificationBar.swift; sourceTree = "<group>"; };
		056877DF298AE10F0068BEBC /* TopTapBarContent.swift */ = {isa = PBXFileReference; lastKnownFileType = sourcecode.swift; path = TopTapBarContent.swift; sourceTree = "<group>"; };
		056877E2298AE6650068BEBC /* RecommendationTapView.swift */ = {isa = PBXFileReference; lastKnownFileType = sourcecode.swift; path = RecommendationTapView.swift; sourceTree = "<group>"; };
		056877E7298BDA020068BEBC /* HomeViewModel.swift */ = {isa = PBXFileReference; lastKnownFileType = sourcecode.swift; path = HomeViewModel.swift; sourceTree = "<group>"; };
		056877E9298BDF630068BEBC /* BannerService.swift */ = {isa = PBXFileReference; lastKnownFileType = sourcecode.swift; path = BannerService.swift; sourceTree = "<group>"; };
		056877EB298C182E0068BEBC /* SavedPointView.swift */ = {isa = PBXFileReference; lastKnownFileType = sourcecode.swift; path = SavedPointView.swift; sourceTree = "<group>"; };
		056877EE298C43DA0068BEBC /* UserView.swift */ = {isa = PBXFileReference; lastKnownFileType = sourcecode.swift; path = UserView.swift; sourceTree = "<group>"; };
		056877F0298C45060068BEBC /* CommonView.swift */ = {isa = PBXFileReference; lastKnownFileType = sourcecode.swift; path = CommonView.swift; sourceTree = "<group>"; };
		056877F2298C45710068BEBC /* ProductListView.swift */ = {isa = PBXFileReference; lastKnownFileType = sourcecode.swift; path = ProductListView.swift; sourceTree = "<group>"; };
		056877F4298C45DA0068BEBC /* LineView.swift */ = {isa = PBXFileReference; lastKnownFileType = sourcecode.swift; path = LineView.swift; sourceTree = "<group>"; };
		056877F6298C46680068BEBC /* CircleButtonsView.swift */ = {isa = PBXFileReference; lastKnownFileType = sourcecode.swift; path = CircleButtonsView.swift; sourceTree = "<group>"; };
		056877F8298C47020068BEBC /* BannerView.swift */ = {isa = PBXFileReference; lastKnownFileType = sourcecode.swift; path = BannerView.swift; sourceTree = "<group>"; };
/* End PBXFileReference section */

/* Begin PBXFrameworksBuildPhase section */
		056877C3298AC97F0068BEBC /* Frameworks */ = {
			isa = PBXFrameworksBuildPhase;
			buildActionMask = 2147483647;
			files = (
			);
			runOnlyForDeploymentPostprocessing = 0;
		};
/* End PBXFrameworksBuildPhase section */

/* Begin PBXGroup section */
		056877BD298AC97F0068BEBC = {
			isa = PBXGroup;
			children = (
				056877C8298AC97F0068BEBC /* BBANG */,
				056877C7298AC97F0068BEBC /* Products */,
			);
			sourceTree = "<group>";
		};
		056877C7298AC97F0068BEBC /* Products */ = {
			isa = PBXGroup;
			children = (
				056877C6298AC97F0068BEBC /* BBANG.app */,
			);
			name = Products;
			sourceTree = "<group>";
		};
		056877C8298AC97F0068BEBC /* BBANG */ = {
			isa = PBXGroup;
			children = (
				056877E6298BD9EC0068BEBC /* ViewModel */,
				056877D7298AD1B40068BEBC /* View */,
				056877C9298AC97F0068BEBC /* BBANGApp.swift */,
				056877CB298AC97F0068BEBC /* ContentView.swift */,
				056877CD298AC9800068BEBC /* Assets.xcassets */,
				056877CF298AC9800068BEBC /* Preview Content */,
				056877E9298BDF630068BEBC /* BannerService.swift */,
			);
			path = BBANG;
			sourceTree = "<group>";
		};
		056877CF298AC9800068BEBC /* Preview Content */ = {
			isa = PBXGroup;
			children = (
				056877D0298AC9800068BEBC /* Preview Assets.xcassets */,
			);
			path = "Preview Content";
			sourceTree = "<group>";
		};
		056877D7298AD1B40068BEBC /* View */ = {
			isa = PBXGroup;
			children = (
				056877DC298AD3440068BEBC /* Home */,
			);
			path = View;
			sourceTree = "<group>";
		};
		056877DC298AD3440068BEBC /* Home */ = {
			isa = PBXGroup;
			children = (
				056877D8298AD25F0068BEBC /* HomeView.swift */,
				056877DD298AD3890068BEBC /* NotificationBar.swift */,
				056877DA298AD3370068BEBC /* TopTapBarButton.swift */,
				056877DF298AE10F0068BEBC /* TopTapBarContent.swift */,
				056877E2298AE6650068BEBC /* RecommendationTapView.swift */,
				056877EB298C182E0068BEBC /* SavedPointView.swift */,
				056877EE298C43DA0068BEBC /* UserView.swift */,
				056877F0298C45060068BEBC /* CommonView.swift */,
				056877F2298C45710068BEBC /* ProductListView.swift */,
				056877F4298C45DA0068BEBC /* LineView.swift */,
				056877F6298C46680068BEBC /* CircleButtonsView.swift */,
				056877F8298C47020068BEBC /* BannerView.swift */,
			);
			path = Home;
			sourceTree = "<group>";
		};
		056877E6298BD9EC0068BEBC /* ViewModel */ = {
			isa = PBXGroup;
			children = (
				056877E7298BDA020068BEBC /* HomeViewModel.swift */,
			);
			path = ViewModel;
			sourceTree = "<group>";
		};
/* End PBXGroup section */

/* Begin PBXNativeTarget section */
		056877C5298AC97F0068BEBC /* BBANG */ = {
			isa = PBXNativeTarget;
			buildConfigurationList = 056877D4298AC9800068BEBC /* Build configuration list for PBXNativeTarget "BBANG" */;
			buildPhases = (
				056877C2298AC97F0068BEBC /* Sources */,
				056877C3298AC97F0068BEBC /* Frameworks */,
				056877C4298AC97F0068BEBC /* Resources */,
			);
			buildRules = (
			);
			dependencies = (
			);
			name = BBANG;
			productName = BBANG;
			productReference = 056877C6298AC97F0068BEBC /* BBANG.app */;
			productType = "com.apple.product-type.application";
		};
/* End PBXNativeTarget section */

/* Begin PBXProject section */
		056877BE298AC97F0068BEBC /* Project object */ = {
			isa = PBXProject;
			attributes = {
				BuildIndependentTargetsInParallel = 1;
				LastSwiftUpdateCheck = 1420;
				LastUpgradeCheck = 1420;
				TargetAttributes = {
					056877C5298AC97F0068BEBC = {
						CreatedOnToolsVersion = 14.2;
					};
				};
			};
			buildConfigurationList = 056877C1298AC97F0068BEBC /* Build configuration list for PBXProject "BBANG" */;
			compatibilityVersion = "Xcode 14.0";
			developmentRegion = en;
			hasScannedForEncodings = 0;
			knownRegions = (
				en,
				Base,
			);
			mainGroup = 056877BD298AC97F0068BEBC;
			productRefGroup = 056877C7298AC97F0068BEBC /* Products */;
			projectDirPath = "";
			projectRoot = "";
			targets = (
				056877C5298AC97F0068BEBC /* BBANG */,
			);
		};
/* End PBXProject section */

/* Begin PBXResourcesBuildPhase section */
		056877C4298AC97F0068BEBC /* Resources */ = {
			isa = PBXResourcesBuildPhase;
			buildActionMask = 2147483647;
			files = (
				056877D1298AC9800068BEBC /* Preview Assets.xcassets in Resources */,
				056877CE298AC9800068BEBC /* Assets.xcassets in Resources */,
			);
			runOnlyForDeploymentPostprocessing = 0;
		};
/* End PBXResourcesBuildPhase section */

/* Begin PBXSourcesBuildPhase section */
		056877C2298AC97F0068BEBC /* Sources */ = {
			isa = PBXSourcesBuildPhase;
			buildActionMask = 2147483647;
			files = (
				056877CC298AC97F0068BEBC /* ContentView.swift in Sources */,
				056877E8298BDA020068BEBC /* HomeViewModel.swift in Sources */,
				056877DB298AD3370068BEBC /* TopTapBarButton.swift in Sources */,
				056877D9298AD25F0068BEBC /* HomeView.swift in Sources */,
				056877CA298AC97F0068BEBC /* BBANGApp.swift in Sources */,
				056877EC298C182E0068BEBC /* SavedPointView.swift in Sources */,
				056877F7298C46680068BEBC /* CircleButtonsView.swift in Sources */,
				056877DE298AD3890068BEBC /* NotificationBar.swift in Sources */,
				056877E3298AE6650068BEBC /* RecommendationTapView.swift in Sources */,
				056877E0298AE10F0068BEBC /* TopTapBarContent.swift in Sources */,
				056877F3298C45710068BEBC /* ProductListView.swift in Sources */,
				056877EA298BDF630068BEBC /* BannerService.swift in Sources */,
				056877F9298C47020068BEBC /* BannerView.swift in Sources */,
				056877EF298C43DA0068BEBC /* UserView.swift in Sources */,
				056877F5298C45DA0068BEBC /* LineView.swift in Sources */,
				056877F1298C45060068BEBC /* CommonView.swift in Sources */,
			);
			runOnlyForDeploymentPostprocessing = 0;
		};
/* End PBXSourcesBuildPhase section */

/* Begin XCBuildConfiguration section */
		056877D2298AC9800068BEBC /* Debug */ = {
			isa = XCBuildConfiguration;
			buildSettings = {
				ALWAYS_SEARCH_USER_PATHS = NO;
				CLANG_ANALYZER_NONNULL = YES;
				CLANG_ANALYZER_NUMBER_OBJECT_CONVERSION = YES_AGGRESSIVE;
				CLANG_CXX_LANGUAGE_STANDARD = "gnu++20";
				CLANG_ENABLE_MODULES = YES;
				CLANG_ENABLE_OBJC_ARC = YES;
				CLANG_ENABLE_OBJC_WEAK = YES;
				CLANG_WARN_BLOCK_CAPTURE_AUTORELEASING = YES;
				CLANG_WARN_BOOL_CONVERSION = YES;
				CLANG_WARN_COMMA = YES;
				CLANG_WARN_CONSTANT_CONVERSION = YES;
				CLANG_WARN_DEPRECATED_OBJC_IMPLEMENTATIONS = YES;
				CLANG_WARN_DIRECT_OBJC_ISA_USAGE = YES_ERROR;
				CLANG_WARN_DOCUMENTATION_COMMENTS = YES;
				CLANG_WARN_EMPTY_BODY = YES;
				CLANG_WARN_ENUM_CONVERSION = YES;
				CLANG_WARN_INFINITE_RECURSION = YES;
				CLANG_WARN_INT_CONVERSION = YES;
				CLANG_WARN_NON_LITERAL_NULL_CONVERSION = YES;
				CLANG_WARN_OBJC_IMPLICIT_RETAIN_SELF = YES;
				CLANG_WARN_OBJC_LITERAL_CONVERSION = YES;
				CLANG_WARN_OBJC_ROOT_CLASS = YES_ERROR;
				CLANG_WARN_QUOTED_INCLUDE_IN_FRAMEWORK_HEADER = YES;
				CLANG_WARN_RANGE_LOOP_ANALYSIS = YES;
				CLANG_WARN_STRICT_PROTOTYPES = YES;
				CLANG_WARN_SUSPICIOUS_MOVE = YES;
				CLANG_WARN_UNGUARDED_AVAILABILITY = YES_AGGRESSIVE;
				CLANG_WARN_UNREACHABLE_CODE = YES;
				CLANG_WARN__DUPLICATE_METHOD_MATCH = YES;
				COPY_PHASE_STRIP = NO;
				DEBUG_INFORMATION_FORMAT = dwarf;
				ENABLE_STRICT_OBJC_MSGSEND = YES;
				ENABLE_TESTABILITY = YES;
				GCC_C_LANGUAGE_STANDARD = gnu11;
				GCC_DYNAMIC_NO_PIC = NO;
				GCC_NO_COMMON_BLOCKS = YES;
				GCC_OPTIMIZATION_LEVEL = 0;
				GCC_PREPROCESSOR_DEFINITIONS = (
					"DEBUG=1",
					"$(inherited)",
				);
				GCC_WARN_64_TO_32_BIT_CONVERSION = YES;
				GCC_WARN_ABOUT_RETURN_TYPE = YES_ERROR;
				GCC_WARN_UNDECLARED_SELECTOR = YES;
				GCC_WARN_UNINITIALIZED_AUTOS = YES_AGGRESSIVE;
				GCC_WARN_UNUSED_FUNCTION = YES;
				GCC_WARN_UNUSED_VARIABLE = YES;
				IPHONEOS_DEPLOYMENT_TARGET = 16.2;
				MTL_ENABLE_DEBUG_INFO = INCLUDE_SOURCE;
				MTL_FAST_MATH = YES;
				ONLY_ACTIVE_ARCH = YES;
				SDKROOT = iphoneos;
				SWIFT_ACTIVE_COMPILATION_CONDITIONS = DEBUG;
				SWIFT_OPTIMIZATION_LEVEL = "-Onone";
			};
			name = Debug;
		};
		056877D3298AC9800068BEBC /* Release */ = {
			isa = XCBuildConfiguration;
			buildSettings = {
				ALWAYS_SEARCH_USER_PATHS = NO;
				CLANG_ANALYZER_NONNULL = YES;
				CLANG_ANALYZER_NUMBER_OBJECT_CONVERSION = YES_AGGRESSIVE;
				CLANG_CXX_LANGUAGE_STANDARD = "gnu++20";
				CLANG_ENABLE_MODULES = YES;
				CLANG_ENABLE_OBJC_ARC = YES;
				CLANG_ENABLE_OBJC_WEAK = YES;
				CLANG_WARN_BLOCK_CAPTURE_AUTORELEASING = YES;
				CLANG_WARN_BOOL_CONVERSION = YES;
				CLANG_WARN_COMMA = YES;
				CLANG_WARN_CONSTANT_CONVERSION = YES;
				CLANG_WARN_DEPRECATED_OBJC_IMPLEMENTATIONS = YES;
				CLANG_WARN_DIRECT_OBJC_ISA_USAGE = YES_ERROR;
				CLANG_WARN_DOCUMENTATION_COMMENTS = YES;
				CLANG_WARN_EMPTY_BODY = YES;
				CLANG_WARN_ENUM_CONVERSION = YES;
				CLANG_WARN_INFINITE_RECURSION = YES;
				CLANG_WARN_INT_CONVERSION = YES;
				CLANG_WARN_NON_LITERAL_NULL_CONVERSION = YES;
				CLANG_WARN_OBJC_IMPLICIT_RETAIN_SELF = YES;
				CLANG_WARN_OBJC_LITERAL_CONVERSION = YES;
				CLANG_WARN_OBJC_ROOT_CLASS = YES_ERROR;
				CLANG_WARN_QUOTED_INCLUDE_IN_FRAMEWORK_HEADER = YES;
				CLANG_WARN_RANGE_LOOP_ANALYSIS = YES;
				CLANG_WARN_STRICT_PROTOTYPES = YES;
				CLANG_WARN_SUSPICIOUS_MOVE = YES;
				CLANG_WARN_UNGUARDED_AVAILABILITY = YES_AGGRESSIVE;
				CLANG_WARN_UNREACHABLE_CODE = YES;
				CLANG_WARN__DUPLICATE_METHOD_MATCH = YES;
				COPY_PHASE_STRIP = NO;
				DEBUG_INFORMATION_FORMAT = "dwarf-with-dsym";
				ENABLE_NS_ASSERTIONS = NO;
				ENABLE_STRICT_OBJC_MSGSEND = YES;
				GCC_C_LANGUAGE_STANDARD = gnu11;
				GCC_NO_COMMON_BLOCKS = YES;
				GCC_WARN_64_TO_32_BIT_CONVERSION = YES;
				GCC_WARN_ABOUT_RETURN_TYPE = YES_ERROR;
				GCC_WARN_UNDECLARED_SELECTOR = YES;
				GCC_WARN_UNINITIALIZED_AUTOS = YES_AGGRESSIVE;
				GCC_WARN_UNUSED_FUNCTION = YES;
				GCC_WARN_UNUSED_VARIABLE = YES;
				IPHONEOS_DEPLOYMENT_TARGET = 16.2;
				MTL_ENABLE_DEBUG_INFO = NO;
				MTL_FAST_MATH = YES;
				SDKROOT = iphoneos;
				SWIFT_COMPILATION_MODE = wholemodule;
				SWIFT_OPTIMIZATION_LEVEL = "-O";
				VALIDATE_PRODUCT = YES;
			};
			name = Release;
		};
		056877D5298AC9800068BEBC /* Debug */ = {
			isa = XCBuildConfiguration;
			buildSettings = {
				ASSETCATALOG_COMPILER_APPICON_NAME = AppIcon;
				ASSETCATALOG_COMPILER_GLOBAL_ACCENT_COLOR_NAME = AccentColor;
				CODE_SIGN_STYLE = Automatic;
				CURRENT_PROJECT_VERSION = 1;
				DEVELOPMENT_ASSET_PATHS = "\"BBANG/Preview Content\"";
				ENABLE_PREVIEWS = YES;
				GENERATE_INFOPLIST_FILE = YES;
				INFOPLIST_KEY_UIApplicationSceneManifest_Generation = YES;
				INFOPLIST_KEY_UIApplicationSupportsIndirectInputEvents = YES;
				INFOPLIST_KEY_UILaunchScreen_Generation = YES;
				INFOPLIST_KEY_UISupportedInterfaceOrientations_iPad = "UIInterfaceOrientationPortrait UIInterfaceOrientationPortraitUpsideDown UIInterfaceOrientationLandscapeLeft UIInterfaceOrientationLandscapeRight";
				INFOPLIST_KEY_UISupportedInterfaceOrientations_iPhone = "UIInterfaceOrientationPortrait UIInterfaceOrientationLandscapeLeft UIInterfaceOrientationLandscapeRight";
				IPHONEOS_DEPLOYMENT_TARGET = 14.0;
				LD_RUNPATH_SEARCH_PATHS = (
					"$(inherited)",
					"@executable_path/Frameworks",
				);
				MARKETING_VERSION = 1.0;
				PRODUCT_BUNDLE_IDENTIFIER = Seohyeon.BBANG;
				PRODUCT_NAME = "$(TARGET_NAME)";
				SWIFT_EMIT_LOC_STRINGS = YES;
				SWIFT_VERSION = 5.0;
				TARGETED_DEVICE_FAMILY = "1,2";
			};
			name = Debug;
		};
		056877D6298AC9800068BEBC /* Release */ = {
			isa = XCBuildConfiguration;
			buildSettings = {
				ASSETCATALOG_COMPILER_APPICON_NAME = AppIcon;
				ASSETCATALOG_COMPILER_GLOBAL_ACCENT_COLOR_NAME = AccentColor;
				CODE_SIGN_STYLE = Automatic;
				CURRENT_PROJECT_VERSION = 1;
				DEVELOPMENT_ASSET_PATHS = "\"BBANG/Preview Content\"";
				ENABLE_PREVIEWS = YES;
				GENERATE_INFOPLIST_FILE = YES;
				INFOPLIST_KEY_UIApplicationSceneManifest_Generation = YES;
				INFOPLIST_KEY_UIApplicationSupportsIndirectInputEvents = YES;
				INFOPLIST_KEY_UILaunchScreen_Generation = YES;
				INFOPLIST_KEY_UISupportedInterfaceOrientations_iPad = "UIInterfaceOrientationPortrait UIInterfaceOrientationPortraitUpsideDown UIInterfaceOrientationLandscapeLeft UIInterfaceOrientationLandscapeRight";
				INFOPLIST_KEY_UISupportedInterfaceOrientations_iPhone = "UIInterfaceOrientationPortrait UIInterfaceOrientationLandscapeLeft UIInterfaceOrientationLandscapeRight";
				IPHONEOS_DEPLOYMENT_TARGET = 14.0;
				LD_RUNPATH_SEARCH_PATHS = (
					"$(inherited)",
					"@executable_path/Frameworks",
				);
				MARKETING_VERSION = 1.0;
				PRODUCT_BUNDLE_IDENTIFIER = Seohyeon.BBANG;
				PRODUCT_NAME = "$(TARGET_NAME)";
				SWIFT_EMIT_LOC_STRINGS = YES;
				SWIFT_VERSION = 5.0;
				TARGETED_DEVICE_FAMILY = "1,2";
			};
			name = Release;
		};
/* End XCBuildConfiguration section */

/* Begin XCConfigurationList section */
		056877C1298AC97F0068BEBC /* Build configuration list for PBXProject "BBANG" */ = {
			isa = XCConfigurationList;
			buildConfigurations = (
				056877D2298AC9800068BEBC /* Debug */,
				056877D3298AC9800068BEBC /* Release */,
			);
			defaultConfigurationIsVisible = 0;
			defaultConfigurationName = Release;
		};
		056877D4298AC9800068BEBC /* Build configuration list for PBXNativeTarget "BBANG" */ = {
			isa = XCConfigurationList;
			buildConfigurations = (
				056877D5298AC9800068BEBC /* Debug */,
				056877D6298AC9800068BEBC /* Release */,
			);
			defaultConfigurationIsVisible = 0;
			defaultConfigurationName = Release;
		};
/* End XCConfigurationList section */
	};
	rootObject = 056877BE298AC97F0068BEBC /* Project object */;
}
